
Microsoft Visual Studio Solution File, Format Version 12.00
# Visual Studio 15
VisualStudioVersion = 15.0.28307.329
MinimumVisualStudioVersion = 10.0.40219.1
Project("{FAE04EC0-301F-11D3-BF4B-00C04F79EFBC}") = "Exercise1.Android", "Exercise1\Exercise1.Android\Exercise1.Android.csproj", "{97A2AD6B-1123-4D18-B9EE-BA42506B99AB}"
EndProject
Project("{FAE04EC0-301F-11D3-BF4B-00C04F79EFBC}") = "Exercise1.iOS", "Exercise1\Exercise1.iOS\Exercise1.iOS.csproj", "{8271F2F9-6DA8-4489-83BA-3AB7FF4D4687}"
EndProject
Project("{FAE04EC0-301F-11D3-BF4B-00C04F79EFBC}") = "Exercise1.UWP", "Exercise1\Exercise1.UWP\Exercise1.UWP.csproj", "{C4F512DD-4579-4BC4-91F4-5EB9A675E3C7}"
EndProject
Project("{D954291E-2A0B-460D-934E-DC6B0785DB48}") = "Exercise1", "Exercise1\Exercise1\Exercise1.shproj", "{399E3E92-C3CD-4A04-A037-8DFC84AC152B}"
EndProject
Global
	GlobalSection(SharedMSBuildProjectFiles) = preSolution
		Exercise1\Exercise1\Exercise1.projitems*{399e3e92-c3cd-4a04-a037-8dfc84ac152b}*SharedItemsImports = 13
		Exercise1\Exercise1\Exercise1.projitems*{8271f2f9-6da8-4489-83ba-3ab7ff4d4687}*SharedItemsImports = 4
		Exercise1\Exercise1\Exercise1.projitems*{97a2ad6b-1123-4d18-b9ee-ba42506b99ab}*SharedItemsImports = 4
		Exercise1\Exercise1\Exercise1.projitems*{c4f512dd-4579-4bc4-91f4-5eb9a675e3c7}*SharedItemsImports = 4
	EndGlobalSection
	GlobalSection(SolutionConfigurationPlatforms) = preSolution
		Ad-Hoc|Any CPU = Ad-Hoc|Any CPU
		Ad-Hoc|ARM = Ad-Hoc|ARM
		Ad-Hoc|iPhone = Ad-Hoc|iPhone
		Ad-Hoc|iPhoneSimulator = Ad-Hoc|iPhoneSimulator
		Ad-Hoc|x64 = Ad-Hoc|x64
		Ad-Hoc|x86 = Ad-Hoc|x86
		AppStore|Any CPU = AppStore|Any CPU
		AppStore|ARM = AppStore|ARM
		AppStore|iPhone = AppStore|iPhone
		AppStore|iPhoneSimulator = AppStore|iPhoneSimulator
		AppStore|x64 = AppStore|x64
		AppStore|x86 = AppStore|x86
		Debug|Any CPU = Debug|Any CPU
		Debug|ARM = Debug|ARM
		Debug|iPhone = Debug|iPhone
		Debug|iPhoneSimulator = Debug|iPhoneSimulator
		Debug|x64 = Debug|x64
		Debug|x86 = Debug|x86
		Release|Any CPU = Release|Any CPU
		Release|ARM = Release|ARM
		Release|iPhone = Release|iPhone
		Release|iPhoneSimulator = Release|iPhoneSimulator
		Release|x64 = Release|x64
		Release|x86 = Release|x86
	EndGlobalSection
	GlobalSection(ProjectConfigurationPlatforms) = postSolution
		{97A2AD6B-1123-4D18-B9EE-BA42506B99AB}.Ad-Hoc|Any CPU.ActiveCfg = Release|Any CPU
		{97A2AD6B-1123-4D18-B9EE-BA42506B99AB}.Ad-Hoc|Any CPU.Build.0 = Release|Any CPU
		{97A2AD6B-1123-4D18-B9EE-BA42506B99AB}.Ad-Hoc|Any CPU.Deploy.0 = Release|Any CPU
		{97A2AD6B-1123-4D18-B9EE-BA42506B99AB}.Ad-Hoc|ARM.ActiveCfg = Release|Any CPU
		{97A2AD6B-1123-4D18-B9EE-BA42506B99AB}.Ad-Hoc|ARM.Build.0 = Release|Any CPU
		{97A2AD6B-1123-4D18-B9EE-BA42506B99AB}.Ad-Hoc|ARM.Deploy.0 = Release|Any CPU
		{97A2AD6B-1123-4D18-B9EE-BA42506B99AB}.Ad-Hoc|iPhone.ActiveCfg = Release|Any CPU
		{97A2AD6B-1123-4D18-B9EE-BA42506B99AB}.Ad-Hoc|iPhone.Build.0 = Release|Any CPU
		{97A2AD6B-1123-4D18-B9EE-BA42506B99AB}.Ad-Hoc|iPhone.Deploy.0 = Release|Any CPU
		{97A2AD6B-1123-4D18-B9EE-BA42506B99AB}.Ad-Hoc|iPhoneSimulator.ActiveCfg = Release|Any CPU
		{97A2AD6B-1123-4D18-B9EE-BA42506B99AB}.Ad-Hoc|iPhoneSimulator.Build.0 = Release|Any CPU
		{97A2AD6B-1123-4D18-B9EE-BA42506B99AB}.Ad-Hoc|iPhoneSimulator.Deploy.0 = Release|Any CPU
		{97A2AD6B-1123-4D18-B9EE-BA42506B99AB}.Ad-Hoc|x64.ActiveCfg = Release|Any CPU
		{97A2AD6B-1123-4D18-B9EE-BA42506B99AB}.Ad-Hoc|x64.Build.0 = Release|Any CPU
		{97A2AD6B-1123-4D18-B9EE-BA42506B99AB}.Ad-Hoc|x64.Deploy.0 = Release|Any CPU
		{97A2AD6B-1123-4D18-B9EE-BA42506B99AB}.Ad-Hoc|x86.ActiveCfg = Release|Any CPU
		{97A2AD6B-1123-4D18-B9EE-BA42506B99AB}.Ad-Hoc|x86.Build.0 = Release|Any CPU
		{97A2AD6B-1123-4D18-B9EE-BA42506B99AB}.Ad-Hoc|x86.Deploy.0 = Release|Any CPU
		{97A2AD6B-1123-4D18-B9EE-BA42506B99AB}.AppStore|Any CPU.ActiveCfg = Release|Any CPU
		{97A2AD6B-1123-4D18-B9EE-BA42506B99AB}.AppStore|Any CPU.Build.0 = Release|Any CPU
		{97A2AD6B-1123-4D18-B9EE-BA42506B99AB}.AppStore|Any CPU.Deploy.0 = Release|Any CPU
		{97A2AD6B-1123-4D18-B9EE-BA42506B99AB}.AppStore|ARM.ActiveCfg = Release|Any CPU
		{97A2AD6B-1123-4D18-B9EE-BA42506B99AB}.AppStore|ARM.Build.0 = Release|Any CPU
		{97A2AD6B-1123-4D18-B9EE-BA42506B99AB}.AppStore|ARM.Deploy.0 = Release|Any CPU
		{97A2AD6B-1123-4D18-B9EE-BA42506B99AB}.AppStore|iPhone.ActiveCfg = Release|Any CPU
		{97A2AD6B-1123-4D18-B9EE-BA42506B99AB}.AppStore|iPhone.Build.0 = Release|Any CPU
		{97A2AD6B-1123-4D18-B9EE-BA42506B99AB}.AppStore|iPhone.Deploy.0 = Release|Any CPU
		{97A2AD6B-1123-4D18-B9EE-BA42506B99AB}.AppStore|iPhoneSimulator.ActiveCfg = Release|Any CPU
		{97A2AD6B-1123-4D18-B9EE-BA42506B99AB}.AppStore|iPhoneSimulator.Build.0 = Release|Any CPU
		{97A2AD6B-1123-4D18-B9EE-BA42506B99AB}.AppStore|iPhoneSimulator.Deploy.0 = Release|Any CPU
		{97A2AD6B-1123-4D18-B9EE-BA42506B99AB}.AppStore|x64.ActiveCfg = Release|Any CPU
		{97A2AD6B-1123-4D18-B9EE-BA42506B99AB}.AppStore|x64.Build.0 = Release|Any CPU
		{97A2AD6B-1123-4D18-B9EE-BA42506B99AB}.AppStore|x64.Deploy.0 = Release|Any CPU
		{97A2AD6B-1123-4D18-B9EE-BA42506B99AB}.AppStore|x86.ActiveCfg = Release|Any CPU
		{97A2AD6B-1123-4D18-B9EE-BA42506B99AB}.AppStore|x86.Build.0 = Release|Any CPU
		{97A2AD6B-1123-4D18-B9EE-BA42506B99AB}.AppStore|x86.Deploy.0 = Release|Any CPU
		{97A2AD6B-1123-4D18-B9EE-BA42506B99AB}.Debug|Any CPU.ActiveCfg = Debug|Any CPU
		{97A2AD6B-1123-4D18-B9EE-BA42506B99AB}.Debug|Any CPU.Build.0 = Debug|Any CPU
		{97A2AD6B-1123-4D18-B9EE-BA42506B99AB}.Debug|Any CPU.Deploy.0 = Debug|Any CPU
		{97A2AD6B-1123-4D18-B9EE-BA42506B99AB}.Debug|ARM.ActiveCfg = Debug|Any CPU
		{97A2AD6B-1123-4D18-B9EE-BA42506B99AB}.Debug|ARM.Build.0 = Debug|Any CPU
		{97A2AD6B-1123-4D18-B9EE-BA42506B99AB}.Debug|ARM.Deploy.0 = Debug|Any CPU
		{97A2AD6B-1123-4D18-B9EE-BA42506B99AB}.Debug|iPhone.ActiveCfg = Debug|Any CPU
		{97A2AD6B-1123-4D18-B9EE-BA42506B99AB}.Debug|iPhone.Build.0 = Debug|Any CPU
		{97A2AD6B-1123-4D18-B9EE-BA42506B99AB}.Debug|iPhone.Deploy.0 = Debug|Any CPU
		{97A2AD6B-1123-4D18-B9EE-BA42506B99AB}.Debug|iPhoneSimulator.ActiveCfg = Debug|Any CPU
		{97A2AD6B-1123-4D18-B9EE-BA42506B99AB}.Debug|iPhoneSimulator.Build.0 = Debug|Any CPU
		{97A2AD6B-1123-4D18-B9EE-BA42506B99AB}.Debug|iPhoneSimulator.Deploy.0 = Debug|Any CPU
		{97A2AD6B-1123-4D18-B9EE-BA42506B99AB}.Debug|x64.ActiveCfg = Debug|Any CPU
		{97A2AD6B-1123-4D18-B9EE-BA42506B99AB}.Debug|x64.Build.0 = Debug|Any CPU
		{97A2AD6B-1123-4D18-B9EE-BA42506B99AB}.Debug|x64.Deploy.0 = Debug|Any CPU
		{97A2AD6B-1123-4D18-B9EE-BA42506B99AB}.Debug|x86.ActiveCfg = Debug|Any CPU
		{97A2AD6B-1123-4D18-B9EE-BA42506B99AB}.Debug|x86.Build.0 = Debug|Any CPU
		{97A2AD6B-1123-4D18-B9EE-BA42506B99AB}.Debug|x86.Deploy.0 = Debug|Any CPU
		{97A2AD6B-1123-4D18-B9EE-BA42506B99AB}.Release|Any CPU.ActiveCfg = Release|Any CPU
		{97A2AD6B-1123-4D18-B9EE-BA42506B99AB}.Release|Any CPU.Build.0 = Release|Any CPU
		{97A2AD6B-1123-4D18-B9EE-BA42506B99AB}.Release|Any CPU.Deploy.0 = Release|Any CPU
		{97A2AD6B-1123-4D18-B9EE-BA42506B99AB}.Release|ARM.ActiveCfg = Release|Any CPU
		{97A2AD6B-1123-4D18-B9EE-BA42506B99AB}.Release|ARM.Build.0 = Release|Any CPU
		{97A2AD6B-1123-4D18-B9EE-BA42506B99AB}.Release|ARM.Deploy.0 = Release|Any CPU
		{97A2AD6B-1123-4D18-B9EE-BA42506B99AB}.Release|iPhone.ActiveCfg = Release|Any CPU
		{97A2AD6B-1123-4D18-B9EE-BA42506B99AB}.Release|iPhone.Build.0 = Release|Any CPU
		{97A2AD6B-1123-4D18-B9EE-BA42506B99AB}.Release|iPhone.Deploy.0 = Release|Any CPU
		{97A2AD6B-1123-4D18-B9EE-BA42506B99AB}.Release|iPhoneSimulator.ActiveCfg = Release|Any CPU
		{97A2AD6B-1123-4D18-B9EE-BA42506B99AB}.Release|iPhoneSimulator.Build.0 = Release|Any CPU
		{97A2AD6B-1123-4D18-B9EE-BA42506B99AB}.Release|iPhoneSimulator.Deploy.0 = Release|Any CPU
		{97A2AD6B-1123-4D18-B9EE-BA42506B99AB}.Release|x64.ActiveCfg = Release|Any CPU
		{97A2AD6B-1123-4D18-B9EE-BA42506B99AB}.Release|x64.Build.0 = Release|Any CPU
		{97A2AD6B-1123-4D18-B9EE-BA42506B99AB}.Release|x64.Deploy.0 = Release|Any CPU
		{97A2AD6B-1123-4D18-B9EE-BA42506B99AB}.Release|x86.ActiveCfg = Release|Any CPU
		{97A2AD6B-1123-4D18-B9EE-BA42506B99AB}.Release|x86.Build.0 = Release|Any CPU
		{97A2AD6B-1123-4D18-B9EE-BA42506B99AB}.Release|x86.Deploy.0 = Release|Any CPU
		{8271F2F9-6DA8-4489-83BA-3AB7FF4D4687}.Ad-Hoc|Any CPU.ActiveCfg = Ad-Hoc|iPhone
		{8271F2F9-6DA8-4489-83BA-3AB7FF4D4687}.Ad-Hoc|Any CPU.Build.0 = Ad-Hoc|iPhone
		{8271F2F9-6DA8-4489-83BA-3AB7FF4D4687}.Ad-Hoc|Any CPU.Deploy.0 = Ad-Hoc|iPhone
		{8271F2F9-6DA8-4489-83BA-3AB7FF4D4687}.Ad-Hoc|ARM.ActiveCfg = Ad-Hoc|iPhone
		{8271F2F9-6DA8-4489-83BA-3AB7FF4D4687}.Ad-Hoc|ARM.Build.0 = Ad-Hoc|iPhone
		{8271F2F9-6DA8-4489-83BA-3AB7FF4D4687}.Ad-Hoc|ARM.Deploy.0 = Ad-Hoc|iPhone
		{8271F2F9-6DA8-4489-83BA-3AB7FF4D4687}.Ad-Hoc|iPhone.ActiveCfg = Ad-Hoc|iPhone
		{8271F2F9-6DA8-4489-83BA-3AB7FF4D4687}.Ad-Hoc|iPhone.Build.0 = Ad-Hoc|iPhone
		{8271F2F9-6DA8-4489-83BA-3AB7FF4D4687}.Ad-Hoc|iPhone.Deploy.0 = Ad-Hoc|iPhone
		{8271F2F9-6DA8-4489-83BA-3AB7FF4D4687}.Ad-Hoc|iPhoneSimulator.ActiveCfg = Ad-Hoc|iPhoneSimulator
		{8271F2F9-6DA8-4489-83BA-3AB7FF4D4687}.Ad-Hoc|iPhoneSimulator.Build.0 = Ad-Hoc|iPhoneSimulator
		{8271F2F9-6DA8-4489-83BA-3AB7FF4D4687}.Ad-Hoc|iPhoneSimulator.Deploy.0 = Ad-Hoc|iPhoneSimulator
		{8271F2F9-6DA8-4489-83BA-3AB7FF4D4687}.Ad-Hoc|x64.ActiveCfg = Ad-Hoc|iPhone
		{8271F2F9-6DA8-4489-83BA-3AB7FF4D4687}.Ad-Hoc|x64.Build.0 = Ad-Hoc|iPhone
		{8271F2F9-6DA8-4489-83BA-3AB7FF4D4687}.Ad-Hoc|x64.Deploy.0 = Ad-Hoc|iPhone
		{8271F2F9-6DA8-4489-83BA-3AB7FF4D4687}.Ad-Hoc|x86.ActiveCfg = Ad-Hoc|iPhone
		{8271F2F9-6DA8-4489-83BA-3AB7FF4D4687}.Ad-Hoc|x86.Build.0 = Ad-Hoc|iPhone
		{8271F2F9-6DA8-4489-83BA-3AB7FF4D4687}.Ad-Hoc|x86.Deploy.0 = Ad-Hoc|iPhone
		{8271F2F9-6DA8-4489-83BA-3AB7FF4D4687}.AppStore|Any CPU.ActiveCfg = AppStore|iPhone
		{8271F2F9-6DA8-4489-83BA-3AB7FF4D4687}.AppStore|Any CPU.Build.0 = AppStore|iPhone
		{8271F2F9-6DA8-4489-83BA-3AB7FF4D4687}.AppStore|Any CPU.Deploy.0 = AppStore|iPhone
		{8271F2F9-6DA8-4489-83BA-3AB7FF4D4687}.AppStore|ARM.ActiveCfg = AppStore|iPhone
		{8271F2F9-6DA8-4489-83BA-3AB7FF4D4687}.AppStore|ARM.Build.0 = AppStore|iPhone
		{8271F2F9-6DA8-4489-83BA-3AB7FF4D4687}.AppStore|ARM.Deploy.0 = AppStore|iPhone
		{8271F2F9-6DA8-4489-83BA-3AB7FF4D4687}.AppStore|iPhone.ActiveCfg = AppStore|iPhone
		{8271F2F9-6DA8-4489-83BA-3AB7FF4D4687}.AppStore|iPhone.Build.0 = AppStore|iPhone
		{8271F2F9-6DA8-4489-83BA-3AB7FF4D4687}.AppStore|iPhone.Deploy.0 = AppStore|iPhone
		{8271F2F9-6DA8-4489-83BA-3AB7FF4D4687}.AppStore|iPhoneSimulator.ActiveCfg = AppStore|iPhoneSimulator
		{8271F2F9-6DA8-4489-83BA-3AB7FF4D4687}.AppStore|iPhoneSimulator.Build.0 = AppStore|iPhoneSimulator
		{8271F2F9-6DA8-4489-83BA-3AB7FF4D4687}.AppStore|iPhoneSimulator.Deploy.0 = AppStore|iPhoneSimulator
		{8271F2F9-6DA8-4489-83BA-3AB7FF4D4687}.AppStore|x64.ActiveCfg = AppStore|iPhone
		{8271F2F9-6DA8-4489-83BA-3AB7FF4D4687}.AppStore|x64.Build.0 = AppStore|iPhone
		{8271F2F9-6DA8-4489-83BA-3AB7FF4D4687}.AppStore|x64.Deploy.0 = AppStore|iPhone
		{8271F2F9-6DA8-4489-83BA-3AB7FF4D4687}.AppStore|x86.ActiveCfg = AppStore|iPhone
		{8271F2F9-6DA8-4489-83BA-3AB7FF4D4687}.AppStore|x86.Build.0 = AppStore|iPhone
		{8271F2F9-6DA8-4489-83BA-3AB7FF4D4687}.AppStore|x86.Deploy.0 = AppStore|iPhone
		{8271F2F9-6DA8-4489-83BA-3AB7FF4D4687}.Debug|Any CPU.ActiveCfg = Debug|iPhoneSimulator
		{8271F2F9-6DA8-4489-83BA-3AB7FF4D4687}.Debug|Any CPU.Build.0 = Debug|iPhoneSimulator
		{8271F2F9-6DA8-4489-83BA-3AB7FF4D4687}.Debug|Any CPU.Deploy.0 = Debug|iPhoneSimulator
		{8271F2F9-6DA8-4489-83BA-3AB7FF4D4687}.Debug|ARM.ActiveCfg = Debug|iPhone
		{8271F2F9-6DA8-4489-83BA-3AB7FF4D4687}.Debug|ARM.Build.0 = Debug|iPhone
		{8271F2F9-6DA8-4489-83BA-3AB7FF4D4687}.Debug|ARM.Deploy.0 = Debug|iPhone
		{8271F2F9-6DA8-4489-83BA-3AB7FF4D4687}.Debug|iPhone.ActiveCfg = Debug|iPhone
		{8271F2F9-6DA8-4489-83BA-3AB7FF4D4687}.Debug|iPhone.Build.0 = Debug|iPhone
		{8271F2F9-6DA8-4489-83BA-3AB7FF4D4687}.Debug|iPhone.Deploy.0 = Debug|iPhone
		{8271F2F9-6DA8-4489-83BA-3AB7FF4D4687}.Debug|iPhoneSimulator.ActiveCfg = Debug|iPhoneSimulator
		{8271F2F9-6DA8-4489-83BA-3AB7FF4D4687}.Debug|iPhoneSimulator.Build.0 = Debug|iPhoneSimulator
		{8271F2F9-6DA8-4489-83BA-3AB7FF4D4687}.Debug|iPhoneSimulator.Deploy.0 = Debug|iPhoneSimulator
		{8271F2F9-6DA8-4489-83BA-3AB7FF4D4687}.Debug|x64.ActiveCfg = Debug|iPhone
		{8271F2F9-6DA8-4489-83BA-3AB7FF4D4687}.Debug|x64.Build.0 = Debug|iPhone
		{8271F2F9-6DA8-4489-83BA-3AB7FF4D4687}.Debug|x64.Deploy.0 = Debug|iPhone
		{8271F2F9-6DA8-4489-83BA-3AB7FF4D4687}.Debug|x86.ActiveCfg = Debug|iPhone
		{8271F2F9-6DA8-4489-83BA-3AB7FF4D4687}.Debug|x86.Build.0 = Debug|iPhone
		{8271F2F9-6DA8-4489-83BA-3AB7FF4D4687}.Debug|x86.Deploy.0 = Debug|iPhone
		{8271F2F9-6DA8-4489-83BA-3AB7FF4D4687}.Release|Any CPU.ActiveCfg = Release|iPhone
		{8271F2F9-6DA8-4489-83BA-3AB7FF4D4687}.Release|Any CPU.Build.0 = Release|iPhone
		{8271F2F9-6DA8-4489-83BA-3AB7FF4D4687}.Release|Any CPU.Deploy.0 = Release|iPhone
		{8271F2F9-6DA8-4489-83BA-3AB7FF4D4687}.Release|ARM.ActiveCfg = Release|iPhone
		{8271F2F9-6DA8-4489-83BA-3AB7FF4D4687}.Release|ARM.Build.0 = Release|iPhone
		{8271F2F9-6DA8-4489-83BA-3AB7FF4D4687}.Release|ARM.Deploy.0 = Release|iPhone
		{8271F2F9-6DA8-4489-83BA-3AB7FF4D4687}.Release|iPhone.ActiveCfg = Release|iPhone
		{8271F2F9-6DA8-4489-83BA-3AB7FF4D4687}.Release|iPhone.Build.0 = Release|iPhone
		{8271F2F9-6DA8-4489-83BA-3AB7FF4D4687}.Release|iPhone.Deploy.0 = Release|iPhone
		{8271F2F9-6DA8-4489-83BA-3AB7FF4D4687}.Release|iPhoneSimulator.ActiveCfg = Release|iPhoneSimulator
		{8271F2F9-6DA8-4489-83BA-3AB7FF4D4687}.Release|iPhoneSimulator.Build.0 = Release|iPhoneSimulator
		{8271F2F9-6DA8-4489-83BA-3AB7FF4D4687}.Release|iPhoneSimulator.Deploy.0 = Release|iPhoneSimulator
		{8271F2F9-6DA8-4489-83BA-3AB7FF4D4687}.Release|x64.ActiveCfg = Release|iPhone
		{8271F2F9-6DA8-4489-83BA-3AB7FF4D4687}.Release|x64.Build.0 = Release|iPhone
		{8271F2F9-6DA8-4489-83BA-3AB7FF4D4687}.Release|x64.Deploy.0 = Release|iPhone
		{8271F2F9-6DA8-4489-83BA-3AB7FF4D4687}.Release|x86.ActiveCfg = Release|iPhone
		{8271F2F9-6DA8-4489-83BA-3AB7FF4D4687}.Release|x86.Build.0 = Release|iPhone
		{8271F2F9-6DA8-4489-83BA-3AB7FF4D4687}.Release|x86.Deploy.0 = Release|iPhone
		{C4F512DD-4579-4BC4-91F4-5EB9A675E3C7}.Ad-Hoc|Any CPU.ActiveCfg = Release|x86
		{C4F512DD-4579-4BC4-91F4-5EB9A675E3C7}.Ad-Hoc|Any CPU.Build.0 = Release|x86
		{C4F512DD-4579-4BC4-91F4-5EB9A675E3C7}.Ad-Hoc|Any CPU.Deploy.0 = Release|x86
		{C4F512DD-4579-4BC4-91F4-5EB9A675E3C7}.Ad-Hoc|ARM.ActiveCfg = Release|ARM
		{C4F512DD-4579-4BC4-91F4-5EB9A675E3C7}.Ad-Hoc|ARM.Build.0 = Release|ARM
		{C4F512DD-4579-4BC4-91F4-5EB9A675E3C7}.Ad-Hoc|ARM.Deploy.0 = Release|ARM
		{C4F512DD-4579-4BC4-91F4-5EB9A675E3C7}.Ad-Hoc|iPhone.ActiveCfg = Release|x86
		{C4F512DD-4579-4BC4-91F4-5EB9A675E3C7}.Ad-Hoc|iPhone.Build.0 = Release|x86
		{C4F512DD-4579-4BC4-91F4-5EB9A675E3C7}.Ad-Hoc|iPhone.Deploy.0 = Release|x86
		{C4F512DD-4579-4BC4-91F4-5EB9A675E3C7}.Ad-Hoc|iPhoneSimulator.ActiveCfg = Release|x86
		{C4F512DD-4579-4BC4-91F4-5EB9A675E3C7}.Ad-Hoc|iPhoneSimulator.Build.0 = Release|x86
		{C4F512DD-4579-4BC4-91F4-5EB9A675E3C7}.Ad-Hoc|iPhoneSimulator.Deploy.0 = Release|x86
		{C4F512DD-4579-4BC4-91F4-5EB9A675E3C7}.Ad-Hoc|x64.ActiveCfg = Release|x64
		{C4F512DD-4579-4BC4-91F4-5EB9A675E3C7}.Ad-Hoc|x64.Build.0 = Release|x64
		{C4F512DD-4579-4BC4-91F4-5EB9A675E3C7}.Ad-Hoc|x64.Deploy.0 = Release|x64
		{C4F512DD-4579-4BC4-91F4-5EB9A675E3C7}.Ad-Hoc|x86.ActiveCfg = Release|x86
		{C4F512DD-4579-4BC4-91F4-5EB9A675E3C7}.Ad-Hoc|x86.Build.0 = Release|x86
		{C4F512DD-4579-4BC4-91F4-5EB9A675E3C7}.Ad-Hoc|x86.Deploy.0 = Release|x86
		{C4F512DD-4579-4BC4-91F4-5EB9A675E3C7}.AppStore|Any CPU.ActiveCfg = Release|x86
		{C4F512DD-4579-4BC4-91F4-5EB9A675E3C7}.AppStore|Any CPU.Build.0 = Release|x86
		{C4F512DD-4579-4BC4-91F4-5EB9A675E3C7}.AppStore|Any CPU.Deploy.0 = Release|x86
		{C4F512DD-4579-4BC4-91F4-5EB9A675E3C7}.AppStore|ARM.ActiveCfg = Release|ARM
		{C4F512DD-4579-4BC4-91F4-5EB9A675E3C7}.AppStore|ARM.Build.0 = Release|ARM
		{C4F512DD-4579-4BC4-91F4-5EB9A675E3C7}.AppStore|ARM.Deploy.0 = Release|ARM
		{C4F512DD-4579-4BC4-91F4-5EB9A675E3C7}.AppStore|iPhone.ActiveCfg = Release|x86
		{C4F512DD-4579-4BC4-91F4-5EB9A675E3C7}.AppStore|iPhone.Build.0 = Release|x86
		{C4F512DD-4579-4BC4-91F4-5EB9A675E3C7}.AppStore|iPhone.Deploy.0 = Release|x86
		{C4F512DD-4579-4BC4-91F4-5EB9A675E3C7}.AppStore|iPhoneSimulator.ActiveCfg = Release|x86
		{C4F512DD-4579-4BC4-91F4-5EB9A675E3C7}.AppStore|iPhoneSimulator.Build.0 = Release|x86
		{C4F512DD-4579-4BC4-91F4-5EB9A675E3C7}.AppStore|iPhoneSimulator.Deploy.0 = Release|x86
		{C4F512DD-4579-4BC4-91F4-5EB9A675E3C7}.AppStore|x64.ActiveCfg = Release|x64
		{C4F512DD-4579-4BC4-91F4-5EB9A675E3C7}.AppStore|x64.Build.0 = Release|x64
		{C4F512DD-4579-4BC4-91F4-5EB9A675E3C7}.AppStore|x64.Deploy.0 = Release|x64
		{C4F512DD-4579-4BC4-91F4-5EB9A675E3C7}.AppStore|x86.ActiveCfg = Release|x86
		{C4F512DD-4579-4BC4-91F4-5EB9A675E3C7}.AppStore|x86.Build.0 = Release|x86
		{C4F512DD-4579-4BC4-91F4-5EB9A675E3C7}.AppStore|x86.Deploy.0 = Release|x86
		{C4F512DD-4579-4BC4-91F4-5EB9A675E3C7}.Debug|Any CPU.ActiveCfg = Debug|x86
		{C4F512DD-4579-4BC4-91F4-5EB9A675E3C7}.Debug|Any CPU.Build.0 = Debug|x86
		{C4F512DD-4579-4BC4-91F4-5EB9A675E3C7}.Debug|Any CPU.Deploy.0 = Debug|x86
		{C4F512DD-4579-4BC4-91F4-5EB9A675E3C7}.Debug|ARM.ActiveCfg = Debug|ARM
		{C4F512DD-4579-4BC4-91F4-5EB9A675E3C7}.Debug|ARM.Build.0 = Debug|ARM
		{C4F512DD-4579-4BC4-91F4-5EB9A675E3C7}.Debug|ARM.Deploy.0 = Debug|ARM
		{C4F512DD-4579-4BC4-91F4-5EB9A675E3C7}.Debug|iPhone.ActiveCfg = Debug|x86
		{C4F512DD-4579-4BC4-91F4-5EB9A675E3C7}.Debug|iPhone.Build.0 = Debug|x86
		{C4F512DD-4579-4BC4-91F4-5EB9A675E3C7}.Debug|iPhone.Deploy.0 = Debug|x86
		{C4F512DD-4579-4BC4-91F4-5EB9A675E3C7}.Debug|iPhoneSimulator.ActiveCfg = Debug|x86
		{C4F512DD-4579-4BC4-91F4-5EB9A675E3C7}.Debug|iPhoneSimulator.Build.0 = Debug|x86
		{C4F512DD-4579-4BC4-91F4-5EB9A675E3C7}.Debug|iPhoneSimulator.Deploy.0 = Debug|x86
		{C4F512DD-4579-4BC4-91F4-5EB9A675E3C7}.Debug|x64.ActiveCfg = Debug|x64
		{C4F512DD-4579-4BC4-91F4-5EB9A675E3C7}.Debug|x64.Build.0 = Debug|x64
		{C4F512DD-4579-4BC4-91F4-5EB9A675E3C7}.Debug|x64.Deploy.0 = Debug|x64
		{C4F512DD-4579-4BC4-91F4-5EB9A675E3C7}.Debug|x86.ActiveCfg = Debug|x86
		{C4F512DD-4579-4BC4-91F4-5EB9A675E3C7}.Debug|x86.Build.0 = Debug|x86
		{C4F512DD-4579-4BC4-91F4-5EB9A675E3C7}.Debug|x86.Deploy.0 = Debug|x86
		{C4F512DD-4579-4BC4-91F4-5EB9A675E3C7}.Release|Any CPU.ActiveCfg = Release|x86
		{C4F512DD-4579-4BC4-91F4-5EB9A675E3C7}.Release|Any CPU.Build.0 = Release|x86
		{C4F512DD-4579-4BC4-91F4-5EB9A675E3C7}.Release|Any CPU.Deploy.0 = Release|x86
		{C4F512DD-4579-4BC4-91F4-5EB9A675E3C7}.Release|ARM.ActiveCfg = Release|ARM
		{C4F512DD-4579-4BC4-91F4-5EB9A675E3C7}.Release|ARM.Build.0 = Release|ARM
		{C4F512DD-4579-4BC4-91F4-5EB9A675E3C7}.Release|ARM.Deploy.0 = Release|ARM
		{C4F512DD-4579-4BC4-91F4-5EB9A675E3C7}.Release|iPhone.ActiveCfg = Release|x86
		{C4F512DD-4579-4BC4-91F4-5EB9A675E3C7}.Release|iPhone.Build.0 = Release|x86
		{C4F512DD-4579-4BC4-91F4-5EB9A675E3C7}.Release|iPhone.Deploy.0 = Release|x86
		{C4F512DD-4579-4BC4-91F4-5EB9A675E3C7}.Release|iPhoneSimulator.ActiveCfg = Release|x86
		{C4F512DD-4579-4BC4-91F4-5EB9A675E3C7}.Release|iPhoneSimulator.Build.0 = Release|x86
		{C4F512DD-4579-4BC4-91F4-5EB9A675E3C7}.Release|iPhoneSimulator.Deploy.0 = Release|x86
		{C4F512DD-4579-4BC4-91F4-5EB9A675E3C7}.Release|x64.ActiveCfg = Release|x64
		{C4F512DD-4579-4BC4-91F4-5EB9A675E3C7}.Release|x64.Build.0 = Release|x64
		{C4F512DD-4579-4BC4-91F4-5EB9A675E3C7}.Release|x64.Deploy.0 = Release|x64
		{C4F512DD-4579-4BC4-91F4-5EB9A675E3C7}.Release|x86.ActiveCfg = Release|x86
		{C4F512DD-4579-4BC4-91F4-5EB9A675E3C7}.Release|x86.Build.0 = Release|x86
		{C4F512DD-4579-4BC4-91F4-5EB9A675E3C7}.Release|x86.Deploy.0 = Release|x86
	EndGlobalSection
	GlobalSection(SolutionProperties) = preSolution
		HideSolutionNode = FALSE
	EndGlobalSection
	GlobalSection(ExtensibilityGlobals) = postSolution
		SolutionGuid = {3F2E7CCA-C8DE-4C71-B016-4D25137985E0}
	EndGlobalSection
EndGlobal
