
Microsoft Visual Studio Solution File, Format Version 12.00
# Visual Studio 15
VisualStudioVersion = 15.0.28307.102
MinimumVisualStudioVersion = 10.0.40219.1
Project("{FAE04EC0-301F-11D3-BF4B-00C04F79EFBC}") = "Essentials.Android", "Essentials\Essentials.Android\Essentials.Android.csproj", "{E5662E64-AC75-429A-9133-EAB5EDFC1954}"
EndProject
Project("{FAE04EC0-301F-11D3-BF4B-00C04F79EFBC}") = "Essentials.iOS", "Essentials\Essentials.iOS\Essentials.iOS.csproj", "{143E12CB-3E10-403D-B841-4FF6A4752462}"
EndProject
Project("{FAE04EC0-301F-11D3-BF4B-00C04F79EFBC}") = "Essentials.UWP", "Essentials\Essentials.UWP\Essentials.UWP.csproj", "{851F1A6E-BF23-49A2-8934-D663EAACB4DD}"
EndProject
Project("{D954291E-2A0B-460D-934E-DC6B0785DB48}") = "Essentials", "Essentials\Essentials\Essentials.shproj", "{776A3A60-0783-4B05-BCE1-6FB72E200A35}"
EndProject
Project("{2150E333-8FDC-42A3-9474-1A3956D46DE8}") = "Docs", "Docs", "{D480E6D8-DBB9-4441-82D7-6FCE08E4B48F}"
	ProjectSection(SolutionItems) = preProject
		Docs\XAML-Essentials-Cheat-Sheet.pdf = Docs\XAML-Essentials-Cheat-Sheet.pdf
		Docs\XAML-Essentials-Exercise.pdf = Docs\XAML-Essentials-Exercise.pdf
	EndProjectSection
EndProject
Global
	GlobalSection(SharedMSBuildProjectFiles) = preSolution
		Essentials\Essentials\Essentials.projitems*{143e12cb-3e10-403d-b841-4ff6a4752462}*SharedItemsImports = 4
		Essentials\Essentials\Essentials.projitems*{776a3a60-0783-4b05-bce1-6fb72e200a35}*SharedItemsImports = 13
		Essentials\Essentials\Essentials.projitems*{851f1a6e-bf23-49a2-8934-d663eaacb4dd}*SharedItemsImports = 4
		Essentials\Essentials\Essentials.projitems*{e5662e64-ac75-429a-9133-eab5edfc1954}*SharedItemsImports = 4
	EndGlobalSection
	GlobalSection(SolutionConfigurationPlatforms) = preSolution
		Ad-Hoc|Any CPU = Ad-Hoc|Any CPU
		Ad-Hoc|ARM = Ad-Hoc|ARM
		Ad-Hoc|iPhone = Ad-Hoc|iPhone
		Ad-Hoc|iPhoneSimulator = Ad-Hoc|iPhoneSimulator
		Ad-Hoc|x64 = Ad-Hoc|x64
		Ad-Hoc|x86 = Ad-Hoc|x86
		AppStore|Any CPU = AppStore|Any CPU
		AppStore|ARM = AppStore|ARM
		AppStore|iPhone = AppStore|iPhone
		AppStore|iPhoneSimulator = AppStore|iPhoneSimulator
		AppStore|x64 = AppStore|x64
		AppStore|x86 = AppStore|x86
		Debug|Any CPU = Debug|Any CPU
		Debug|ARM = Debug|ARM
		Debug|iPhone = Debug|iPhone
		Debug|iPhoneSimulator = Debug|iPhoneSimulator
		Debug|x64 = Debug|x64
		Debug|x86 = Debug|x86
		Release|Any CPU = Release|Any CPU
		Release|ARM = Release|ARM
		Release|iPhone = Release|iPhone
		Release|iPhoneSimulator = Release|iPhoneSimulator
		Release|x64 = Release|x64
		Release|x86 = Release|x86
	EndGlobalSection
	GlobalSection(ProjectConfigurationPlatforms) = postSolution
		{E5662E64-AC75-429A-9133-EAB5EDFC1954}.Ad-Hoc|Any CPU.ActiveCfg = Release|Any CPU
		{E5662E64-AC75-429A-9133-EAB5EDFC1954}.Ad-Hoc|Any CPU.Build.0 = Release|Any CPU
		{E5662E64-AC75-429A-9133-EAB5EDFC1954}.Ad-Hoc|Any CPU.Deploy.0 = Release|Any CPU
		{E5662E64-AC75-429A-9133-EAB5EDFC1954}.Ad-Hoc|ARM.ActiveCfg = Release|Any CPU
		{E5662E64-AC75-429A-9133-EAB5EDFC1954}.Ad-Hoc|ARM.Build.0 = Release|Any CPU
		{E5662E64-AC75-429A-9133-EAB5EDFC1954}.Ad-Hoc|ARM.Deploy.0 = Release|Any CPU
		{E5662E64-AC75-429A-9133-EAB5EDFC1954}.Ad-Hoc|iPhone.ActiveCfg = Release|Any CPU
		{E5662E64-AC75-429A-9133-EAB5EDFC1954}.Ad-Hoc|iPhone.Build.0 = Release|Any CPU
		{E5662E64-AC75-429A-9133-EAB5EDFC1954}.Ad-Hoc|iPhone.Deploy.0 = Release|Any CPU
		{E5662E64-AC75-429A-9133-EAB5EDFC1954}.Ad-Hoc|iPhoneSimulator.ActiveCfg = Release|Any CPU
		{E5662E64-AC75-429A-9133-EAB5EDFC1954}.Ad-Hoc|iPhoneSimulator.Build.0 = Release|Any CPU
		{E5662E64-AC75-429A-9133-EAB5EDFC1954}.Ad-Hoc|iPhoneSimulator.Deploy.0 = Release|Any CPU
		{E5662E64-AC75-429A-9133-EAB5EDFC1954}.Ad-Hoc|x64.ActiveCfg = Release|Any CPU
		{E5662E64-AC75-429A-9133-EAB5EDFC1954}.Ad-Hoc|x64.Build.0 = Release|Any CPU
		{E5662E64-AC75-429A-9133-EAB5EDFC1954}.Ad-Hoc|x64.Deploy.0 = Release|Any CPU
		{E5662E64-AC75-429A-9133-EAB5EDFC1954}.Ad-Hoc|x86.ActiveCfg = Release|Any CPU
		{E5662E64-AC75-429A-9133-EAB5EDFC1954}.Ad-Hoc|x86.Build.0 = Release|Any CPU
		{E5662E64-AC75-429A-9133-EAB5EDFC1954}.Ad-Hoc|x86.Deploy.0 = Release|Any CPU
		{E5662E64-AC75-429A-9133-EAB5EDFC1954}.AppStore|Any CPU.ActiveCfg = Release|Any CPU
		{E5662E64-AC75-429A-9133-EAB5EDFC1954}.AppStore|Any CPU.Build.0 = Release|Any CPU
		{E5662E64-AC75-429A-9133-EAB5EDFC1954}.AppStore|Any CPU.Deploy.0 = Release|Any CPU
		{E5662E64-AC75-429A-9133-EAB5EDFC1954}.AppStore|ARM.ActiveCfg = Release|Any CPU
		{E5662E64-AC75-429A-9133-EAB5EDFC1954}.AppStore|ARM.Build.0 = Release|Any CPU
		{E5662E64-AC75-429A-9133-EAB5EDFC1954}.AppStore|ARM.Deploy.0 = Release|Any CPU
		{E5662E64-AC75-429A-9133-EAB5EDFC1954}.AppStore|iPhone.ActiveCfg = Release|Any CPU
		{E5662E64-AC75-429A-9133-EAB5EDFC1954}.AppStore|iPhone.Build.0 = Release|Any CPU
		{E5662E64-AC75-429A-9133-EAB5EDFC1954}.AppStore|iPhone.Deploy.0 = Release|Any CPU
		{E5662E64-AC75-429A-9133-EAB5EDFC1954}.AppStore|iPhoneSimulator.ActiveCfg = Release|Any CPU
		{E5662E64-AC75-429A-9133-EAB5EDFC1954}.AppStore|iPhoneSimulator.Build.0 = Release|Any CPU
		{E5662E64-AC75-429A-9133-EAB5EDFC1954}.AppStore|iPhoneSimulator.Deploy.0 = Release|Any CPU
		{E5662E64-AC75-429A-9133-EAB5EDFC1954}.AppStore|x64.ActiveCfg = Release|Any CPU
		{E5662E64-AC75-429A-9133-EAB5EDFC1954}.AppStore|x64.Build.0 = Release|Any CPU
		{E5662E64-AC75-429A-9133-EAB5EDFC1954}.AppStore|x64.Deploy.0 = Release|Any CPU
		{E5662E64-AC75-429A-9133-EAB5EDFC1954}.AppStore|x86.ActiveCfg = Release|Any CPU
		{E5662E64-AC75-429A-9133-EAB5EDFC1954}.AppStore|x86.Build.0 = Release|Any CPU
		{E5662E64-AC75-429A-9133-EAB5EDFC1954}.AppStore|x86.Deploy.0 = Release|Any CPU
		{E5662E64-AC75-429A-9133-EAB5EDFC1954}.Debug|Any CPU.ActiveCfg = Debug|Any CPU
		{E5662E64-AC75-429A-9133-EAB5EDFC1954}.Debug|Any CPU.Build.0 = Debug|Any CPU
		{E5662E64-AC75-429A-9133-EAB5EDFC1954}.Debug|Any CPU.Deploy.0 = Debug|Any CPU
		{E5662E64-AC75-429A-9133-EAB5EDFC1954}.Debug|ARM.ActiveCfg = Debug|Any CPU
		{E5662E64-AC75-429A-9133-EAB5EDFC1954}.Debug|ARM.Build.0 = Debug|Any CPU
		{E5662E64-AC75-429A-9133-EAB5EDFC1954}.Debug|ARM.Deploy.0 = Debug|Any CPU
		{E5662E64-AC75-429A-9133-EAB5EDFC1954}.Debug|iPhone.ActiveCfg = Debug|Any CPU
		{E5662E64-AC75-429A-9133-EAB5EDFC1954}.Debug|iPhone.Build.0 = Debug|Any CPU
		{E5662E64-AC75-429A-9133-EAB5EDFC1954}.Debug|iPhone.Deploy.0 = Debug|Any CPU
		{E5662E64-AC75-429A-9133-EAB5EDFC1954}.Debug|iPhoneSimulator.ActiveCfg = Debug|Any CPU
		{E5662E64-AC75-429A-9133-EAB5EDFC1954}.Debug|iPhoneSimulator.Build.0 = Debug|Any CPU
		{E5662E64-AC75-429A-9133-EAB5EDFC1954}.Debug|iPhoneSimulator.Deploy.0 = Debug|Any CPU
		{E5662E64-AC75-429A-9133-EAB5EDFC1954}.Debug|x64.ActiveCfg = Debug|Any CPU
		{E5662E64-AC75-429A-9133-EAB5EDFC1954}.Debug|x64.Build.0 = Debug|Any CPU
		{E5662E64-AC75-429A-9133-EAB5EDFC1954}.Debug|x64.Deploy.0 = Debug|Any CPU
		{E5662E64-AC75-429A-9133-EAB5EDFC1954}.Debug|x86.ActiveCfg = Debug|Any CPU
		{E5662E64-AC75-429A-9133-EAB5EDFC1954}.Debug|x86.Build.0 = Debug|Any CPU
		{E5662E64-AC75-429A-9133-EAB5EDFC1954}.Debug|x86.Deploy.0 = Debug|Any CPU
		{E5662E64-AC75-429A-9133-EAB5EDFC1954}.Release|Any CPU.ActiveCfg = Release|Any CPU
		{E5662E64-AC75-429A-9133-EAB5EDFC1954}.Release|Any CPU.Build.0 = Release|Any CPU
		{E5662E64-AC75-429A-9133-EAB5EDFC1954}.Release|Any CPU.Deploy.0 = Release|Any CPU
		{E5662E64-AC75-429A-9133-EAB5EDFC1954}.Release|ARM.ActiveCfg = Release|Any CPU
		{E5662E64-AC75-429A-9133-EAB5EDFC1954}.Release|ARM.Build.0 = Release|Any CPU
		{E5662E64-AC75-429A-9133-EAB5EDFC1954}.Release|ARM.Deploy.0 = Release|Any CPU
		{E5662E64-AC75-429A-9133-EAB5EDFC1954}.Release|iPhone.ActiveCfg = Release|Any CPU
		{E5662E64-AC75-429A-9133-EAB5EDFC1954}.Release|iPhone.Build.0 = Release|Any CPU
		{E5662E64-AC75-429A-9133-EAB5EDFC1954}.Release|iPhone.Deploy.0 = Release|Any CPU
		{E5662E64-AC75-429A-9133-EAB5EDFC1954}.Release|iPhoneSimulator.ActiveCfg = Release|Any CPU
		{E5662E64-AC75-429A-9133-EAB5EDFC1954}.Release|iPhoneSimulator.Build.0 = Release|Any CPU
		{E5662E64-AC75-429A-9133-EAB5EDFC1954}.Release|iPhoneSimulator.Deploy.0 = Release|Any CPU
		{E5662E64-AC75-429A-9133-EAB5EDFC1954}.Release|x64.ActiveCfg = Release|Any CPU
		{E5662E64-AC75-429A-9133-EAB5EDFC1954}.Release|x64.Build.0 = Release|Any CPU
		{E5662E64-AC75-429A-9133-EAB5EDFC1954}.Release|x64.Deploy.0 = Release|Any CPU
		{E5662E64-AC75-429A-9133-EAB5EDFC1954}.Release|x86.ActiveCfg = Release|Any CPU
		{E5662E64-AC75-429A-9133-EAB5EDFC1954}.Release|x86.Build.0 = Release|Any CPU
		{E5662E64-AC75-429A-9133-EAB5EDFC1954}.Release|x86.Deploy.0 = Release|Any CPU
		{143E12CB-3E10-403D-B841-4FF6A4752462}.Ad-Hoc|Any CPU.ActiveCfg = Ad-Hoc|iPhone
		{143E12CB-3E10-403D-B841-4FF6A4752462}.Ad-Hoc|Any CPU.Build.0 = Ad-Hoc|iPhone
		{143E12CB-3E10-403D-B841-4FF6A4752462}.Ad-Hoc|Any CPU.Deploy.0 = Ad-Hoc|iPhone
		{143E12CB-3E10-403D-B841-4FF6A4752462}.Ad-Hoc|ARM.ActiveCfg = Ad-Hoc|iPhone
		{143E12CB-3E10-403D-B841-4FF6A4752462}.Ad-Hoc|ARM.Build.0 = Ad-Hoc|iPhone
		{143E12CB-3E10-403D-B841-4FF6A4752462}.Ad-Hoc|ARM.Deploy.0 = Ad-Hoc|iPhone
		{143E12CB-3E10-403D-B841-4FF6A4752462}.Ad-Hoc|iPhone.ActiveCfg = Ad-Hoc|iPhone
		{143E12CB-3E10-403D-B841-4FF6A4752462}.Ad-Hoc|iPhone.Build.0 = Ad-Hoc|iPhone
		{143E12CB-3E10-403D-B841-4FF6A4752462}.Ad-Hoc|iPhone.Deploy.0 = Ad-Hoc|iPhone
		{143E12CB-3E10-403D-B841-4FF6A4752462}.Ad-Hoc|iPhoneSimulator.ActiveCfg = Ad-Hoc|iPhoneSimulator
		{143E12CB-3E10-403D-B841-4FF6A4752462}.Ad-Hoc|iPhoneSimulator.Build.0 = Ad-Hoc|iPhoneSimulator
		{143E12CB-3E10-403D-B841-4FF6A4752462}.Ad-Hoc|iPhoneSimulator.Deploy.0 = Ad-Hoc|iPhoneSimulator
		{143E12CB-3E10-403D-B841-4FF6A4752462}.Ad-Hoc|x64.ActiveCfg = Ad-Hoc|iPhone
		{143E12CB-3E10-403D-B841-4FF6A4752462}.Ad-Hoc|x64.Build.0 = Ad-Hoc|iPhone
		{143E12CB-3E10-403D-B841-4FF6A4752462}.Ad-Hoc|x64.Deploy.0 = Ad-Hoc|iPhone
		{143E12CB-3E10-403D-B841-4FF6A4752462}.Ad-Hoc|x86.ActiveCfg = Ad-Hoc|iPhone
		{143E12CB-3E10-403D-B841-4FF6A4752462}.Ad-Hoc|x86.Build.0 = Ad-Hoc|iPhone
		{143E12CB-3E10-403D-B841-4FF6A4752462}.Ad-Hoc|x86.Deploy.0 = Ad-Hoc|iPhone
		{143E12CB-3E10-403D-B841-4FF6A4752462}.AppStore|Any CPU.ActiveCfg = AppStore|iPhone
		{143E12CB-3E10-403D-B841-4FF6A4752462}.AppStore|Any CPU.Build.0 = AppStore|iPhone
		{143E12CB-3E10-403D-B841-4FF6A4752462}.AppStore|Any CPU.Deploy.0 = AppStore|iPhone
		{143E12CB-3E10-403D-B841-4FF6A4752462}.AppStore|ARM.ActiveCfg = AppStore|iPhone
		{143E12CB-3E10-403D-B841-4FF6A4752462}.AppStore|ARM.Build.0 = AppStore|iPhone
		{143E12CB-3E10-403D-B841-4FF6A4752462}.AppStore|ARM.Deploy.0 = AppStore|iPhone
		{143E12CB-3E10-403D-B841-4FF6A4752462}.AppStore|iPhone.ActiveCfg = AppStore|iPhone
		{143E12CB-3E10-403D-B841-4FF6A4752462}.AppStore|iPhone.Build.0 = AppStore|iPhone
		{143E12CB-3E10-403D-B841-4FF6A4752462}.AppStore|iPhone.Deploy.0 = AppStore|iPhone
		{143E12CB-3E10-403D-B841-4FF6A4752462}.AppStore|iPhoneSimulator.ActiveCfg = AppStore|iPhoneSimulator
		{143E12CB-3E10-403D-B841-4FF6A4752462}.AppStore|iPhoneSimulator.Build.0 = AppStore|iPhoneSimulator
		{143E12CB-3E10-403D-B841-4FF6A4752462}.AppStore|iPhoneSimulator.Deploy.0 = AppStore|iPhoneSimulator
		{143E12CB-3E10-403D-B841-4FF6A4752462}.AppStore|x64.ActiveCfg = AppStore|iPhone
		{143E12CB-3E10-403D-B841-4FF6A4752462}.AppStore|x64.Build.0 = AppStore|iPhone
		{143E12CB-3E10-403D-B841-4FF6A4752462}.AppStore|x64.Deploy.0 = AppStore|iPhone
		{143E12CB-3E10-403D-B841-4FF6A4752462}.AppStore|x86.ActiveCfg = AppStore|iPhone
		{143E12CB-3E10-403D-B841-4FF6A4752462}.AppStore|x86.Build.0 = AppStore|iPhone
		{143E12CB-3E10-403D-B841-4FF6A4752462}.AppStore|x86.Deploy.0 = AppStore|iPhone
		{143E12CB-3E10-403D-B841-4FF6A4752462}.Debug|Any CPU.ActiveCfg = Debug|iPhoneSimulator
		{143E12CB-3E10-403D-B841-4FF6A4752462}.Debug|Any CPU.Build.0 = Debug|iPhoneSimulator
		{143E12CB-3E10-403D-B841-4FF6A4752462}.Debug|Any CPU.Deploy.0 = Debug|iPhoneSimulator
		{143E12CB-3E10-403D-B841-4FF6A4752462}.Debug|ARM.ActiveCfg = Debug|iPhone
		{143E12CB-3E10-403D-B841-4FF6A4752462}.Debug|ARM.Build.0 = Debug|iPhone
		{143E12CB-3E10-403D-B841-4FF6A4752462}.Debug|ARM.Deploy.0 = Debug|iPhone
		{143E12CB-3E10-403D-B841-4FF6A4752462}.Debug|iPhone.ActiveCfg = Debug|iPhone
		{143E12CB-3E10-403D-B841-4FF6A4752462}.Debug|iPhone.Build.0 = Debug|iPhone
		{143E12CB-3E10-403D-B841-4FF6A4752462}.Debug|iPhone.Deploy.0 = Debug|iPhone
		{143E12CB-3E10-403D-B841-4FF6A4752462}.Debug|iPhoneSimulator.ActiveCfg = Debug|iPhoneSimulator
		{143E12CB-3E10-403D-B841-4FF6A4752462}.Debug|iPhoneSimulator.Build.0 = Debug|iPhoneSimulator
		{143E12CB-3E10-403D-B841-4FF6A4752462}.Debug|iPhoneSimulator.Deploy.0 = Debug|iPhoneSimulator
		{143E12CB-3E10-403D-B841-4FF6A4752462}.Debug|x64.ActiveCfg = Debug|iPhone
		{143E12CB-3E10-403D-B841-4FF6A4752462}.Debug|x64.Build.0 = Debug|iPhone
		{143E12CB-3E10-403D-B841-4FF6A4752462}.Debug|x64.Deploy.0 = Debug|iPhone
		{143E12CB-3E10-403D-B841-4FF6A4752462}.Debug|x86.ActiveCfg = Debug|iPhone
		{143E12CB-3E10-403D-B841-4FF6A4752462}.Debug|x86.Build.0 = Debug|iPhone
		{143E12CB-3E10-403D-B841-4FF6A4752462}.Debug|x86.Deploy.0 = Debug|iPhone
		{143E12CB-3E10-403D-B841-4FF6A4752462}.Release|Any CPU.ActiveCfg = Release|iPhone
		{143E12CB-3E10-403D-B841-4FF6A4752462}.Release|Any CPU.Build.0 = Release|iPhone
		{143E12CB-3E10-403D-B841-4FF6A4752462}.Release|Any CPU.Deploy.0 = Release|iPhone
		{143E12CB-3E10-403D-B841-4FF6A4752462}.Release|ARM.ActiveCfg = Release|iPhone
		{143E12CB-3E10-403D-B841-4FF6A4752462}.Release|ARM.Build.0 = Release|iPhone
		{143E12CB-3E10-403D-B841-4FF6A4752462}.Release|ARM.Deploy.0 = Release|iPhone
		{143E12CB-3E10-403D-B841-4FF6A4752462}.Release|iPhone.ActiveCfg = Release|iPhone
		{143E12CB-3E10-403D-B841-4FF6A4752462}.Release|iPhone.Build.0 = Release|iPhone
		{143E12CB-3E10-403D-B841-4FF6A4752462}.Release|iPhone.Deploy.0 = Release|iPhone
		{143E12CB-3E10-403D-B841-4FF6A4752462}.Release|iPhoneSimulator.ActiveCfg = Release|iPhoneSimulator
		{143E12CB-3E10-403D-B841-4FF6A4752462}.Release|iPhoneSimulator.Build.0 = Release|iPhoneSimulator
		{143E12CB-3E10-403D-B841-4FF6A4752462}.Release|iPhoneSimulator.Deploy.0 = Release|iPhoneSimulator
		{143E12CB-3E10-403D-B841-4FF6A4752462}.Release|x64.ActiveCfg = Release|iPhone
		{143E12CB-3E10-403D-B841-4FF6A4752462}.Release|x64.Build.0 = Release|iPhone
		{143E12CB-3E10-403D-B841-4FF6A4752462}.Release|x64.Deploy.0 = Release|iPhone
		{143E12CB-3E10-403D-B841-4FF6A4752462}.Release|x86.ActiveCfg = Release|iPhone
		{143E12CB-3E10-403D-B841-4FF6A4752462}.Release|x86.Build.0 = Release|iPhone
		{143E12CB-3E10-403D-B841-4FF6A4752462}.Release|x86.Deploy.0 = Release|iPhone
		{851F1A6E-BF23-49A2-8934-D663EAACB4DD}.Ad-Hoc|Any CPU.ActiveCfg = Release|x86
		{851F1A6E-BF23-49A2-8934-D663EAACB4DD}.Ad-Hoc|Any CPU.Build.0 = Release|x86
		{851F1A6E-BF23-49A2-8934-D663EAACB4DD}.Ad-Hoc|Any CPU.Deploy.0 = Release|x86
		{851F1A6E-BF23-49A2-8934-D663EAACB4DD}.Ad-Hoc|ARM.ActiveCfg = Release|ARM
		{851F1A6E-BF23-49A2-8934-D663EAACB4DD}.Ad-Hoc|ARM.Build.0 = Release|ARM
		{851F1A6E-BF23-49A2-8934-D663EAACB4DD}.Ad-Hoc|ARM.Deploy.0 = Release|ARM
		{851F1A6E-BF23-49A2-8934-D663EAACB4DD}.Ad-Hoc|iPhone.ActiveCfg = Release|x86
		{851F1A6E-BF23-49A2-8934-D663EAACB4DD}.Ad-Hoc|iPhone.Build.0 = Release|x86
		{851F1A6E-BF23-49A2-8934-D663EAACB4DD}.Ad-Hoc|iPhone.Deploy.0 = Release|x86
		{851F1A6E-BF23-49A2-8934-D663EAACB4DD}.Ad-Hoc|iPhoneSimulator.ActiveCfg = Release|x86
		{851F1A6E-BF23-49A2-8934-D663EAACB4DD}.Ad-Hoc|iPhoneSimulator.Build.0 = Release|x86
		{851F1A6E-BF23-49A2-8934-D663EAACB4DD}.Ad-Hoc|iPhoneSimulator.Deploy.0 = Release|x86
		{851F1A6E-BF23-49A2-8934-D663EAACB4DD}.Ad-Hoc|x64.ActiveCfg = Release|x64
		{851F1A6E-BF23-49A2-8934-D663EAACB4DD}.Ad-Hoc|x64.Build.0 = Release|x64
		{851F1A6E-BF23-49A2-8934-D663EAACB4DD}.Ad-Hoc|x64.Deploy.0 = Release|x64
		{851F1A6E-BF23-49A2-8934-D663EAACB4DD}.Ad-Hoc|x86.ActiveCfg = Release|x86
		{851F1A6E-BF23-49A2-8934-D663EAACB4DD}.Ad-Hoc|x86.Build.0 = Release|x86
		{851F1A6E-BF23-49A2-8934-D663EAACB4DD}.Ad-Hoc|x86.Deploy.0 = Release|x86
		{851F1A6E-BF23-49A2-8934-D663EAACB4DD}.AppStore|Any CPU.ActiveCfg = Release|x86
		{851F1A6E-BF23-49A2-8934-D663EAACB4DD}.AppStore|Any CPU.Build.0 = Release|x86
		{851F1A6E-BF23-49A2-8934-D663EAACB4DD}.AppStore|Any CPU.Deploy.0 = Release|x86
		{851F1A6E-BF23-49A2-8934-D663EAACB4DD}.AppStore|ARM.ActiveCfg = Release|ARM
		{851F1A6E-BF23-49A2-8934-D663EAACB4DD}.AppStore|ARM.Build.0 = Release|ARM
		{851F1A6E-BF23-49A2-8934-D663EAACB4DD}.AppStore|ARM.Deploy.0 = Release|ARM
		{851F1A6E-BF23-49A2-8934-D663EAACB4DD}.AppStore|iPhone.ActiveCfg = Release|x86
		{851F1A6E-BF23-49A2-8934-D663EAACB4DD}.AppStore|iPhone.Build.0 = Release|x86
		{851F1A6E-BF23-49A2-8934-D663EAACB4DD}.AppStore|iPhone.Deploy.0 = Release|x86
		{851F1A6E-BF23-49A2-8934-D663EAACB4DD}.AppStore|iPhoneSimulator.ActiveCfg = Release|x86
		{851F1A6E-BF23-49A2-8934-D663EAACB4DD}.AppStore|iPhoneSimulator.Build.0 = Release|x86
		{851F1A6E-BF23-49A2-8934-D663EAACB4DD}.AppStore|iPhoneSimulator.Deploy.0 = Release|x86
		{851F1A6E-BF23-49A2-8934-D663EAACB4DD}.AppStore|x64.ActiveCfg = Release|x64
		{851F1A6E-BF23-49A2-8934-D663EAACB4DD}.AppStore|x64.Build.0 = Release|x64
		{851F1A6E-BF23-49A2-8934-D663EAACB4DD}.AppStore|x64.Deploy.0 = Release|x64
		{851F1A6E-BF23-49A2-8934-D663EAACB4DD}.AppStore|x86.ActiveCfg = Release|x86
		{851F1A6E-BF23-49A2-8934-D663EAACB4DD}.AppStore|x86.Build.0 = Release|x86
		{851F1A6E-BF23-49A2-8934-D663EAACB4DD}.AppStore|x86.Deploy.0 = Release|x86
		{851F1A6E-BF23-49A2-8934-D663EAACB4DD}.Debug|Any CPU.ActiveCfg = Debug|x86
		{851F1A6E-BF23-49A2-8934-D663EAACB4DD}.Debug|Any CPU.Build.0 = Debug|x86
		{851F1A6E-BF23-49A2-8934-D663EAACB4DD}.Debug|Any CPU.Deploy.0 = Debug|x86
		{851F1A6E-BF23-49A2-8934-D663EAACB4DD}.Debug|ARM.ActiveCfg = Debug|ARM
		{851F1A6E-BF23-49A2-8934-D663EAACB4DD}.Debug|ARM.Build.0 = Debug|ARM
		{851F1A6E-BF23-49A2-8934-D663EAACB4DD}.Debug|ARM.Deploy.0 = Debug|ARM
		{851F1A6E-BF23-49A2-8934-D663EAACB4DD}.Debug|iPhone.ActiveCfg = Debug|x86
		{851F1A6E-BF23-49A2-8934-D663EAACB4DD}.Debug|iPhone.Build.0 = Debug|x86
		{851F1A6E-BF23-49A2-8934-D663EAACB4DD}.Debug|iPhone.Deploy.0 = Debug|x86
		{851F1A6E-BF23-49A2-8934-D663EAACB4DD}.Debug|iPhoneSimulator.ActiveCfg = Debug|x86
		{851F1A6E-BF23-49A2-8934-D663EAACB4DD}.Debug|iPhoneSimulator.Build.0 = Debug|x86
		{851F1A6E-BF23-49A2-8934-D663EAACB4DD}.Debug|iPhoneSimulator.Deploy.0 = Debug|x86
		{851F1A6E-BF23-49A2-8934-D663EAACB4DD}.Debug|x64.ActiveCfg = Debug|x64
		{851F1A6E-BF23-49A2-8934-D663EAACB4DD}.Debug|x64.Build.0 = Debug|x64
		{851F1A6E-BF23-49A2-8934-D663EAACB4DD}.Debug|x64.Deploy.0 = Debug|x64
		{851F1A6E-BF23-49A2-8934-D663EAACB4DD}.Debug|x86.ActiveCfg = Debug|x86
		{851F1A6E-BF23-49A2-8934-D663EAACB4DD}.Debug|x86.Build.0 = Debug|x86
		{851F1A6E-BF23-49A2-8934-D663EAACB4DD}.Debug|x86.Deploy.0 = Debug|x86
		{851F1A6E-BF23-49A2-8934-D663EAACB4DD}.Release|Any CPU.ActiveCfg = Release|x86
		{851F1A6E-BF23-49A2-8934-D663EAACB4DD}.Release|Any CPU.Build.0 = Release|x86
		{851F1A6E-BF23-49A2-8934-D663EAACB4DD}.Release|Any CPU.Deploy.0 = Release|x86
		{851F1A6E-BF23-49A2-8934-D663EAACB4DD}.Release|ARM.ActiveCfg = Release|ARM
		{851F1A6E-BF23-49A2-8934-D663EAACB4DD}.Release|ARM.Build.0 = Release|ARM
		{851F1A6E-BF23-49A2-8934-D663EAACB4DD}.Release|ARM.Deploy.0 = Release|ARM
		{851F1A6E-BF23-49A2-8934-D663EAACB4DD}.Release|iPhone.ActiveCfg = Release|x86
		{851F1A6E-BF23-49A2-8934-D663EAACB4DD}.Release|iPhone.Build.0 = Release|x86
		{851F1A6E-BF23-49A2-8934-D663EAACB4DD}.Release|iPhone.Deploy.0 = Release|x86
		{851F1A6E-BF23-49A2-8934-D663EAACB4DD}.Release|iPhoneSimulator.ActiveCfg = Release|x86
		{851F1A6E-BF23-49A2-8934-D663EAACB4DD}.Release|iPhoneSimulator.Build.0 = Release|x86
		{851F1A6E-BF23-49A2-8934-D663EAACB4DD}.Release|iPhoneSimulator.Deploy.0 = Release|x86
		{851F1A6E-BF23-49A2-8934-D663EAACB4DD}.Release|x64.ActiveCfg = Release|x64
		{851F1A6E-BF23-49A2-8934-D663EAACB4DD}.Release|x64.Build.0 = Release|x64
		{851F1A6E-BF23-49A2-8934-D663EAACB4DD}.Release|x64.Deploy.0 = Release|x64
		{851F1A6E-BF23-49A2-8934-D663EAACB4DD}.Release|x86.ActiveCfg = Release|x86
		{851F1A6E-BF23-49A2-8934-D663EAACB4DD}.Release|x86.Build.0 = Release|x86
		{851F1A6E-BF23-49A2-8934-D663EAACB4DD}.Release|x86.Deploy.0 = Release|x86
	EndGlobalSection
	GlobalSection(SolutionProperties) = preSolution
		HideSolutionNode = FALSE
	EndGlobalSection
	GlobalSection(ExtensibilityGlobals) = postSolution
		SolutionGuid = {6F9D17DB-20C6-4AB7-B7F6-F2B26693F739}
	EndGlobalSection
EndGlobal
