
Microsoft Visual Studio Solution File, Format Version 12.00
# Visual Studio 15
VisualStudioVersion = 15.0.28307.329
MinimumVisualStudioVersion = 10.0.40219.1
Project("{FAE04EC0-301F-11D3-BF4B-00C04F79EFBC}") = "XamarinCourse.Android", "XamarinCourse\XamarinCourse.Android\XamarinCourse.Android.csproj", "{936A7F3A-ECFD-4784-8F76-C3F49881606A}"
EndProject
Project("{FAE04EC0-301F-11D3-BF4B-00C04F79EFBC}") = "XamarinCourse.iOS", "XamarinCourse\XamarinCourse.iOS\XamarinCourse.iOS.csproj", "{A99C95D8-8E67-423D-848A-5BED6B6B966B}"
EndProject
Project("{FAE04EC0-301F-11D3-BF4B-00C04F79EFBC}") = "XamarinCourse.UWP", "XamarinCourse\XamarinCourse.UWP\XamarinCourse.UWP.csproj", "{DCFB0778-1FC6-44A4-8452-3A9B35867093}"
EndProject
Project("{D954291E-2A0B-460D-934E-DC6B0785DB48}") = "XamarinCourse", "XamarinCourse\XamarinCourse\XamarinCourse.shproj", "{B57AB4BF-E674-4052-9EC0-30B6F3A10E51}"
EndProject
Global
	GlobalSection(SharedMSBuildProjectFiles) = preSolution
		XamarinCourse\XamarinCourse\XamarinCourse.projitems*{936a7f3a-ecfd-4784-8f76-c3f49881606a}*SharedItemsImports = 4
		XamarinCourse\XamarinCourse\XamarinCourse.projitems*{a99c95d8-8e67-423d-848a-5bed6b6b966b}*SharedItemsImports = 4
		XamarinCourse\XamarinCourse\XamarinCourse.projitems*{b57ab4bf-e674-4052-9ec0-30b6f3a10e51}*SharedItemsImports = 13
		XamarinCourse\XamarinCourse\XamarinCourse.projitems*{dcfb0778-1fc6-44a4-8452-3a9b35867093}*SharedItemsImports = 4
	EndGlobalSection
	GlobalSection(SolutionConfigurationPlatforms) = preSolution
		Ad-Hoc|Any CPU = Ad-Hoc|Any CPU
		Ad-Hoc|ARM = Ad-Hoc|ARM
		Ad-Hoc|iPhone = Ad-Hoc|iPhone
		Ad-Hoc|iPhoneSimulator = Ad-Hoc|iPhoneSimulator
		Ad-Hoc|x64 = Ad-Hoc|x64
		Ad-Hoc|x86 = Ad-Hoc|x86
		AppStore|Any CPU = AppStore|Any CPU
		AppStore|ARM = AppStore|ARM
		AppStore|iPhone = AppStore|iPhone
		AppStore|iPhoneSimulator = AppStore|iPhoneSimulator
		AppStore|x64 = AppStore|x64
		AppStore|x86 = AppStore|x86
		Debug|Any CPU = Debug|Any CPU
		Debug|ARM = Debug|ARM
		Debug|iPhone = Debug|iPhone
		Debug|iPhoneSimulator = Debug|iPhoneSimulator
		Debug|x64 = Debug|x64
		Debug|x86 = Debug|x86
		Release|Any CPU = Release|Any CPU
		Release|ARM = Release|ARM
		Release|iPhone = Release|iPhone
		Release|iPhoneSimulator = Release|iPhoneSimulator
		Release|x64 = Release|x64
		Release|x86 = Release|x86
	EndGlobalSection
	GlobalSection(ProjectConfigurationPlatforms) = postSolution
		{936A7F3A-ECFD-4784-8F76-C3F49881606A}.Ad-Hoc|Any CPU.ActiveCfg = Release|Any CPU
		{936A7F3A-ECFD-4784-8F76-C3F49881606A}.Ad-Hoc|Any CPU.Build.0 = Release|Any CPU
		{936A7F3A-ECFD-4784-8F76-C3F49881606A}.Ad-Hoc|Any CPU.Deploy.0 = Release|Any CPU
		{936A7F3A-ECFD-4784-8F76-C3F49881606A}.Ad-Hoc|ARM.ActiveCfg = Release|Any CPU
		{936A7F3A-ECFD-4784-8F76-C3F49881606A}.Ad-Hoc|ARM.Build.0 = Release|Any CPU
		{936A7F3A-ECFD-4784-8F76-C3F49881606A}.Ad-Hoc|ARM.Deploy.0 = Release|Any CPU
		{936A7F3A-ECFD-4784-8F76-C3F49881606A}.Ad-Hoc|iPhone.ActiveCfg = Release|Any CPU
		{936A7F3A-ECFD-4784-8F76-C3F49881606A}.Ad-Hoc|iPhone.Build.0 = Release|Any CPU
		{936A7F3A-ECFD-4784-8F76-C3F49881606A}.Ad-Hoc|iPhone.Deploy.0 = Release|Any CPU
		{936A7F3A-ECFD-4784-8F76-C3F49881606A}.Ad-Hoc|iPhoneSimulator.ActiveCfg = Release|Any CPU
		{936A7F3A-ECFD-4784-8F76-C3F49881606A}.Ad-Hoc|iPhoneSimulator.Build.0 = Release|Any CPU
		{936A7F3A-ECFD-4784-8F76-C3F49881606A}.Ad-Hoc|iPhoneSimulator.Deploy.0 = Release|Any CPU
		{936A7F3A-ECFD-4784-8F76-C3F49881606A}.Ad-Hoc|x64.ActiveCfg = Release|Any CPU
		{936A7F3A-ECFD-4784-8F76-C3F49881606A}.Ad-Hoc|x64.Build.0 = Release|Any CPU
		{936A7F3A-ECFD-4784-8F76-C3F49881606A}.Ad-Hoc|x64.Deploy.0 = Release|Any CPU
		{936A7F3A-ECFD-4784-8F76-C3F49881606A}.Ad-Hoc|x86.ActiveCfg = Release|Any CPU
		{936A7F3A-ECFD-4784-8F76-C3F49881606A}.Ad-Hoc|x86.Build.0 = Release|Any CPU
		{936A7F3A-ECFD-4784-8F76-C3F49881606A}.Ad-Hoc|x86.Deploy.0 = Release|Any CPU
		{936A7F3A-ECFD-4784-8F76-C3F49881606A}.AppStore|Any CPU.ActiveCfg = Release|Any CPU
		{936A7F3A-ECFD-4784-8F76-C3F49881606A}.AppStore|Any CPU.Build.0 = Release|Any CPU
		{936A7F3A-ECFD-4784-8F76-C3F49881606A}.AppStore|Any CPU.Deploy.0 = Release|Any CPU
		{936A7F3A-ECFD-4784-8F76-C3F49881606A}.AppStore|ARM.ActiveCfg = Release|Any CPU
		{936A7F3A-ECFD-4784-8F76-C3F49881606A}.AppStore|ARM.Build.0 = Release|Any CPU
		{936A7F3A-ECFD-4784-8F76-C3F49881606A}.AppStore|ARM.Deploy.0 = Release|Any CPU
		{936A7F3A-ECFD-4784-8F76-C3F49881606A}.AppStore|iPhone.ActiveCfg = Release|Any CPU
		{936A7F3A-ECFD-4784-8F76-C3F49881606A}.AppStore|iPhone.Build.0 = Release|Any CPU
		{936A7F3A-ECFD-4784-8F76-C3F49881606A}.AppStore|iPhone.Deploy.0 = Release|Any CPU
		{936A7F3A-ECFD-4784-8F76-C3F49881606A}.AppStore|iPhoneSimulator.ActiveCfg = Release|Any CPU
		{936A7F3A-ECFD-4784-8F76-C3F49881606A}.AppStore|iPhoneSimulator.Build.0 = Release|Any CPU
		{936A7F3A-ECFD-4784-8F76-C3F49881606A}.AppStore|iPhoneSimulator.Deploy.0 = Release|Any CPU
		{936A7F3A-ECFD-4784-8F76-C3F49881606A}.AppStore|x64.ActiveCfg = Release|Any CPU
		{936A7F3A-ECFD-4784-8F76-C3F49881606A}.AppStore|x64.Build.0 = Release|Any CPU
		{936A7F3A-ECFD-4784-8F76-C3F49881606A}.AppStore|x64.Deploy.0 = Release|Any CPU
		{936A7F3A-ECFD-4784-8F76-C3F49881606A}.AppStore|x86.ActiveCfg = Release|Any CPU
		{936A7F3A-ECFD-4784-8F76-C3F49881606A}.AppStore|x86.Build.0 = Release|Any CPU
		{936A7F3A-ECFD-4784-8F76-C3F49881606A}.AppStore|x86.Deploy.0 = Release|Any CPU
		{936A7F3A-ECFD-4784-8F76-C3F49881606A}.Debug|Any CPU.ActiveCfg = Debug|Any CPU
		{936A7F3A-ECFD-4784-8F76-C3F49881606A}.Debug|Any CPU.Build.0 = Debug|Any CPU
		{936A7F3A-ECFD-4784-8F76-C3F49881606A}.Debug|Any CPU.Deploy.0 = Debug|Any CPU
		{936A7F3A-ECFD-4784-8F76-C3F49881606A}.Debug|ARM.ActiveCfg = Debug|Any CPU
		{936A7F3A-ECFD-4784-8F76-C3F49881606A}.Debug|ARM.Build.0 = Debug|Any CPU
		{936A7F3A-ECFD-4784-8F76-C3F49881606A}.Debug|ARM.Deploy.0 = Debug|Any CPU
		{936A7F3A-ECFD-4784-8F76-C3F49881606A}.Debug|iPhone.ActiveCfg = Debug|Any CPU
		{936A7F3A-ECFD-4784-8F76-C3F49881606A}.Debug|iPhone.Build.0 = Debug|Any CPU
		{936A7F3A-ECFD-4784-8F76-C3F49881606A}.Debug|iPhone.Deploy.0 = Debug|Any CPU
		{936A7F3A-ECFD-4784-8F76-C3F49881606A}.Debug|iPhoneSimulator.ActiveCfg = Debug|Any CPU
		{936A7F3A-ECFD-4784-8F76-C3F49881606A}.Debug|iPhoneSimulator.Build.0 = Debug|Any CPU
		{936A7F3A-ECFD-4784-8F76-C3F49881606A}.Debug|iPhoneSimulator.Deploy.0 = Debug|Any CPU
		{936A7F3A-ECFD-4784-8F76-C3F49881606A}.Debug|x64.ActiveCfg = Debug|Any CPU
		{936A7F3A-ECFD-4784-8F76-C3F49881606A}.Debug|x64.Build.0 = Debug|Any CPU
		{936A7F3A-ECFD-4784-8F76-C3F49881606A}.Debug|x64.Deploy.0 = Debug|Any CPU
		{936A7F3A-ECFD-4784-8F76-C3F49881606A}.Debug|x86.ActiveCfg = Debug|Any CPU
		{936A7F3A-ECFD-4784-8F76-C3F49881606A}.Debug|x86.Build.0 = Debug|Any CPU
		{936A7F3A-ECFD-4784-8F76-C3F49881606A}.Debug|x86.Deploy.0 = Debug|Any CPU
		{936A7F3A-ECFD-4784-8F76-C3F49881606A}.Release|Any CPU.ActiveCfg = Release|Any CPU
		{936A7F3A-ECFD-4784-8F76-C3F49881606A}.Release|Any CPU.Build.0 = Release|Any CPU
		{936A7F3A-ECFD-4784-8F76-C3F49881606A}.Release|Any CPU.Deploy.0 = Release|Any CPU
		{936A7F3A-ECFD-4784-8F76-C3F49881606A}.Release|ARM.ActiveCfg = Release|Any CPU
		{936A7F3A-ECFD-4784-8F76-C3F49881606A}.Release|ARM.Build.0 = Release|Any CPU
		{936A7F3A-ECFD-4784-8F76-C3F49881606A}.Release|ARM.Deploy.0 = Release|Any CPU
		{936A7F3A-ECFD-4784-8F76-C3F49881606A}.Release|iPhone.ActiveCfg = Release|Any CPU
		{936A7F3A-ECFD-4784-8F76-C3F49881606A}.Release|iPhone.Build.0 = Release|Any CPU
		{936A7F3A-ECFD-4784-8F76-C3F49881606A}.Release|iPhone.Deploy.0 = Release|Any CPU
		{936A7F3A-ECFD-4784-8F76-C3F49881606A}.Release|iPhoneSimulator.ActiveCfg = Release|Any CPU
		{936A7F3A-ECFD-4784-8F76-C3F49881606A}.Release|iPhoneSimulator.Build.0 = Release|Any CPU
		{936A7F3A-ECFD-4784-8F76-C3F49881606A}.Release|iPhoneSimulator.Deploy.0 = Release|Any CPU
		{936A7F3A-ECFD-4784-8F76-C3F49881606A}.Release|x64.ActiveCfg = Release|Any CPU
		{936A7F3A-ECFD-4784-8F76-C3F49881606A}.Release|x64.Build.0 = Release|Any CPU
		{936A7F3A-ECFD-4784-8F76-C3F49881606A}.Release|x64.Deploy.0 = Release|Any CPU
		{936A7F3A-ECFD-4784-8F76-C3F49881606A}.Release|x86.ActiveCfg = Release|Any CPU
		{936A7F3A-ECFD-4784-8F76-C3F49881606A}.Release|x86.Build.0 = Release|Any CPU
		{936A7F3A-ECFD-4784-8F76-C3F49881606A}.Release|x86.Deploy.0 = Release|Any CPU
		{A99C95D8-8E67-423D-848A-5BED6B6B966B}.Ad-Hoc|Any CPU.ActiveCfg = Ad-Hoc|iPhone
		{A99C95D8-8E67-423D-848A-5BED6B6B966B}.Ad-Hoc|Any CPU.Build.0 = Ad-Hoc|iPhone
		{A99C95D8-8E67-423D-848A-5BED6B6B966B}.Ad-Hoc|Any CPU.Deploy.0 = Ad-Hoc|iPhone
		{A99C95D8-8E67-423D-848A-5BED6B6B966B}.Ad-Hoc|ARM.ActiveCfg = Ad-Hoc|iPhone
		{A99C95D8-8E67-423D-848A-5BED6B6B966B}.Ad-Hoc|ARM.Build.0 = Ad-Hoc|iPhone
		{A99C95D8-8E67-423D-848A-5BED6B6B966B}.Ad-Hoc|ARM.Deploy.0 = Ad-Hoc|iPhone
		{A99C95D8-8E67-423D-848A-5BED6B6B966B}.Ad-Hoc|iPhone.ActiveCfg = Ad-Hoc|iPhone
		{A99C95D8-8E67-423D-848A-5BED6B6B966B}.Ad-Hoc|iPhone.Build.0 = Ad-Hoc|iPhone
		{A99C95D8-8E67-423D-848A-5BED6B6B966B}.Ad-Hoc|iPhone.Deploy.0 = Ad-Hoc|iPhone
		{A99C95D8-8E67-423D-848A-5BED6B6B966B}.Ad-Hoc|iPhoneSimulator.ActiveCfg = Ad-Hoc|iPhoneSimulator
		{A99C95D8-8E67-423D-848A-5BED6B6B966B}.Ad-Hoc|iPhoneSimulator.Build.0 = Ad-Hoc|iPhoneSimulator
		{A99C95D8-8E67-423D-848A-5BED6B6B966B}.Ad-Hoc|iPhoneSimulator.Deploy.0 = Ad-Hoc|iPhoneSimulator
		{A99C95D8-8E67-423D-848A-5BED6B6B966B}.Ad-Hoc|x64.ActiveCfg = Ad-Hoc|iPhone
		{A99C95D8-8E67-423D-848A-5BED6B6B966B}.Ad-Hoc|x64.Build.0 = Ad-Hoc|iPhone
		{A99C95D8-8E67-423D-848A-5BED6B6B966B}.Ad-Hoc|x64.Deploy.0 = Ad-Hoc|iPhone
		{A99C95D8-8E67-423D-848A-5BED6B6B966B}.Ad-Hoc|x86.ActiveCfg = Ad-Hoc|iPhone
		{A99C95D8-8E67-423D-848A-5BED6B6B966B}.Ad-Hoc|x86.Build.0 = Ad-Hoc|iPhone
		{A99C95D8-8E67-423D-848A-5BED6B6B966B}.Ad-Hoc|x86.Deploy.0 = Ad-Hoc|iPhone
		{A99C95D8-8E67-423D-848A-5BED6B6B966B}.AppStore|Any CPU.ActiveCfg = AppStore|iPhone
		{A99C95D8-8E67-423D-848A-5BED6B6B966B}.AppStore|Any CPU.Build.0 = AppStore|iPhone
		{A99C95D8-8E67-423D-848A-5BED6B6B966B}.AppStore|Any CPU.Deploy.0 = AppStore|iPhone
		{A99C95D8-8E67-423D-848A-5BED6B6B966B}.AppStore|ARM.ActiveCfg = AppStore|iPhone
		{A99C95D8-8E67-423D-848A-5BED6B6B966B}.AppStore|ARM.Build.0 = AppStore|iPhone
		{A99C95D8-8E67-423D-848A-5BED6B6B966B}.AppStore|ARM.Deploy.0 = AppStore|iPhone
		{A99C95D8-8E67-423D-848A-5BED6B6B966B}.AppStore|iPhone.ActiveCfg = AppStore|iPhone
		{A99C95D8-8E67-423D-848A-5BED6B6B966B}.AppStore|iPhone.Build.0 = AppStore|iPhone
		{A99C95D8-8E67-423D-848A-5BED6B6B966B}.AppStore|iPhone.Deploy.0 = AppStore|iPhone
		{A99C95D8-8E67-423D-848A-5BED6B6B966B}.AppStore|iPhoneSimulator.ActiveCfg = AppStore|iPhoneSimulator
		{A99C95D8-8E67-423D-848A-5BED6B6B966B}.AppStore|iPhoneSimulator.Build.0 = AppStore|iPhoneSimulator
		{A99C95D8-8E67-423D-848A-5BED6B6B966B}.AppStore|iPhoneSimulator.Deploy.0 = AppStore|iPhoneSimulator
		{A99C95D8-8E67-423D-848A-5BED6B6B966B}.AppStore|x64.ActiveCfg = AppStore|iPhone
		{A99C95D8-8E67-423D-848A-5BED6B6B966B}.AppStore|x64.Build.0 = AppStore|iPhone
		{A99C95D8-8E67-423D-848A-5BED6B6B966B}.AppStore|x64.Deploy.0 = AppStore|iPhone
		{A99C95D8-8E67-423D-848A-5BED6B6B966B}.AppStore|x86.ActiveCfg = AppStore|iPhone
		{A99C95D8-8E67-423D-848A-5BED6B6B966B}.AppStore|x86.Build.0 = AppStore|iPhone
		{A99C95D8-8E67-423D-848A-5BED6B6B966B}.AppStore|x86.Deploy.0 = AppStore|iPhone
		{A99C95D8-8E67-423D-848A-5BED6B6B966B}.Debug|Any CPU.ActiveCfg = Debug|iPhoneSimulator
		{A99C95D8-8E67-423D-848A-5BED6B6B966B}.Debug|Any CPU.Build.0 = Debug|iPhoneSimulator
		{A99C95D8-8E67-423D-848A-5BED6B6B966B}.Debug|Any CPU.Deploy.0 = Debug|iPhoneSimulator
		{A99C95D8-8E67-423D-848A-5BED6B6B966B}.Debug|ARM.ActiveCfg = Debug|iPhone
		{A99C95D8-8E67-423D-848A-5BED6B6B966B}.Debug|ARM.Build.0 = Debug|iPhone
		{A99C95D8-8E67-423D-848A-5BED6B6B966B}.Debug|ARM.Deploy.0 = Debug|iPhone
		{A99C95D8-8E67-423D-848A-5BED6B6B966B}.Debug|iPhone.ActiveCfg = Debug|iPhone
		{A99C95D8-8E67-423D-848A-5BED6B6B966B}.Debug|iPhone.Build.0 = Debug|iPhone
		{A99C95D8-8E67-423D-848A-5BED6B6B966B}.Debug|iPhone.Deploy.0 = Debug|iPhone
		{A99C95D8-8E67-423D-848A-5BED6B6B966B}.Debug|iPhoneSimulator.ActiveCfg = Debug|iPhoneSimulator
		{A99C95D8-8E67-423D-848A-5BED6B6B966B}.Debug|iPhoneSimulator.Build.0 = Debug|iPhoneSimulator
		{A99C95D8-8E67-423D-848A-5BED6B6B966B}.Debug|iPhoneSimulator.Deploy.0 = Debug|iPhoneSimulator
		{A99C95D8-8E67-423D-848A-5BED6B6B966B}.Debug|x64.ActiveCfg = Debug|iPhone
		{A99C95D8-8E67-423D-848A-5BED6B6B966B}.Debug|x64.Build.0 = Debug|iPhone
		{A99C95D8-8E67-423D-848A-5BED6B6B966B}.Debug|x64.Deploy.0 = Debug|iPhone
		{A99C95D8-8E67-423D-848A-5BED6B6B966B}.Debug|x86.ActiveCfg = Debug|iPhone
		{A99C95D8-8E67-423D-848A-5BED6B6B966B}.Debug|x86.Build.0 = Debug|iPhone
		{A99C95D8-8E67-423D-848A-5BED6B6B966B}.Debug|x86.Deploy.0 = Debug|iPhone
		{A99C95D8-8E67-423D-848A-5BED6B6B966B}.Release|Any CPU.ActiveCfg = Release|iPhone
		{A99C95D8-8E67-423D-848A-5BED6B6B966B}.Release|Any CPU.Build.0 = Release|iPhone
		{A99C95D8-8E67-423D-848A-5BED6B6B966B}.Release|Any CPU.Deploy.0 = Release|iPhone
		{A99C95D8-8E67-423D-848A-5BED6B6B966B}.Release|ARM.ActiveCfg = Release|iPhone
		{A99C95D8-8E67-423D-848A-5BED6B6B966B}.Release|ARM.Build.0 = Release|iPhone
		{A99C95D8-8E67-423D-848A-5BED6B6B966B}.Release|ARM.Deploy.0 = Release|iPhone
		{A99C95D8-8E67-423D-848A-5BED6B6B966B}.Release|iPhone.ActiveCfg = Release|iPhone
		{A99C95D8-8E67-423D-848A-5BED6B6B966B}.Release|iPhone.Build.0 = Release|iPhone
		{A99C95D8-8E67-423D-848A-5BED6B6B966B}.Release|iPhone.Deploy.0 = Release|iPhone
		{A99C95D8-8E67-423D-848A-5BED6B6B966B}.Release|iPhoneSimulator.ActiveCfg = Release|iPhoneSimulator
		{A99C95D8-8E67-423D-848A-5BED6B6B966B}.Release|iPhoneSimulator.Build.0 = Release|iPhoneSimulator
		{A99C95D8-8E67-423D-848A-5BED6B6B966B}.Release|iPhoneSimulator.Deploy.0 = Release|iPhoneSimulator
		{A99C95D8-8E67-423D-848A-5BED6B6B966B}.Release|x64.ActiveCfg = Release|iPhone
		{A99C95D8-8E67-423D-848A-5BED6B6B966B}.Release|x64.Build.0 = Release|iPhone
		{A99C95D8-8E67-423D-848A-5BED6B6B966B}.Release|x64.Deploy.0 = Release|iPhone
		{A99C95D8-8E67-423D-848A-5BED6B6B966B}.Release|x86.ActiveCfg = Release|iPhone
		{A99C95D8-8E67-423D-848A-5BED6B6B966B}.Release|x86.Build.0 = Release|iPhone
		{A99C95D8-8E67-423D-848A-5BED6B6B966B}.Release|x86.Deploy.0 = Release|iPhone
		{DCFB0778-1FC6-44A4-8452-3A9B35867093}.Ad-Hoc|Any CPU.ActiveCfg = Release|x86
		{DCFB0778-1FC6-44A4-8452-3A9B35867093}.Ad-Hoc|Any CPU.Build.0 = Release|x86
		{DCFB0778-1FC6-44A4-8452-3A9B35867093}.Ad-Hoc|Any CPU.Deploy.0 = Release|x86
		{DCFB0778-1FC6-44A4-8452-3A9B35867093}.Ad-Hoc|ARM.ActiveCfg = Release|ARM
		{DCFB0778-1FC6-44A4-8452-3A9B35867093}.Ad-Hoc|ARM.Build.0 = Release|ARM
		{DCFB0778-1FC6-44A4-8452-3A9B35867093}.Ad-Hoc|ARM.Deploy.0 = Release|ARM
		{DCFB0778-1FC6-44A4-8452-3A9B35867093}.Ad-Hoc|iPhone.ActiveCfg = Release|x86
		{DCFB0778-1FC6-44A4-8452-3A9B35867093}.Ad-Hoc|iPhone.Build.0 = Release|x86
		{DCFB0778-1FC6-44A4-8452-3A9B35867093}.Ad-Hoc|iPhone.Deploy.0 = Release|x86
		{DCFB0778-1FC6-44A4-8452-3A9B35867093}.Ad-Hoc|iPhoneSimulator.ActiveCfg = Release|x86
		{DCFB0778-1FC6-44A4-8452-3A9B35867093}.Ad-Hoc|iPhoneSimulator.Build.0 = Release|x86
		{DCFB0778-1FC6-44A4-8452-3A9B35867093}.Ad-Hoc|iPhoneSimulator.Deploy.0 = Release|x86
		{DCFB0778-1FC6-44A4-8452-3A9B35867093}.Ad-Hoc|x64.ActiveCfg = Release|x64
		{DCFB0778-1FC6-44A4-8452-3A9B35867093}.Ad-Hoc|x64.Build.0 = Release|x64
		{DCFB0778-1FC6-44A4-8452-3A9B35867093}.Ad-Hoc|x64.Deploy.0 = Release|x64
		{DCFB0778-1FC6-44A4-8452-3A9B35867093}.Ad-Hoc|x86.ActiveCfg = Release|x86
		{DCFB0778-1FC6-44A4-8452-3A9B35867093}.Ad-Hoc|x86.Build.0 = Release|x86
		{DCFB0778-1FC6-44A4-8452-3A9B35867093}.Ad-Hoc|x86.Deploy.0 = Release|x86
		{DCFB0778-1FC6-44A4-8452-3A9B35867093}.AppStore|Any CPU.ActiveCfg = Release|x86
		{DCFB0778-1FC6-44A4-8452-3A9B35867093}.AppStore|Any CPU.Build.0 = Release|x86
		{DCFB0778-1FC6-44A4-8452-3A9B35867093}.AppStore|Any CPU.Deploy.0 = Release|x86
		{DCFB0778-1FC6-44A4-8452-3A9B35867093}.AppStore|ARM.ActiveCfg = Release|ARM
		{DCFB0778-1FC6-44A4-8452-3A9B35867093}.AppStore|ARM.Build.0 = Release|ARM
		{DCFB0778-1FC6-44A4-8452-3A9B35867093}.AppStore|ARM.Deploy.0 = Release|ARM
		{DCFB0778-1FC6-44A4-8452-3A9B35867093}.AppStore|iPhone.ActiveCfg = Release|x86
		{DCFB0778-1FC6-44A4-8452-3A9B35867093}.AppStore|iPhone.Build.0 = Release|x86
		{DCFB0778-1FC6-44A4-8452-3A9B35867093}.AppStore|iPhone.Deploy.0 = Release|x86
		{DCFB0778-1FC6-44A4-8452-3A9B35867093}.AppStore|iPhoneSimulator.ActiveCfg = Release|x86
		{DCFB0778-1FC6-44A4-8452-3A9B35867093}.AppStore|iPhoneSimulator.Build.0 = Release|x86
		{DCFB0778-1FC6-44A4-8452-3A9B35867093}.AppStore|iPhoneSimulator.Deploy.0 = Release|x86
		{DCFB0778-1FC6-44A4-8452-3A9B35867093}.AppStore|x64.ActiveCfg = Release|x64
		{DCFB0778-1FC6-44A4-8452-3A9B35867093}.AppStore|x64.Build.0 = Release|x64
		{DCFB0778-1FC6-44A4-8452-3A9B35867093}.AppStore|x64.Deploy.0 = Release|x64
		{DCFB0778-1FC6-44A4-8452-3A9B35867093}.AppStore|x86.ActiveCfg = Release|x86
		{DCFB0778-1FC6-44A4-8452-3A9B35867093}.AppStore|x86.Build.0 = Release|x86
		{DCFB0778-1FC6-44A4-8452-3A9B35867093}.AppStore|x86.Deploy.0 = Release|x86
		{DCFB0778-1FC6-44A4-8452-3A9B35867093}.Debug|Any CPU.ActiveCfg = Debug|x86
		{DCFB0778-1FC6-44A4-8452-3A9B35867093}.Debug|Any CPU.Build.0 = Debug|x86
		{DCFB0778-1FC6-44A4-8452-3A9B35867093}.Debug|Any CPU.Deploy.0 = Debug|x86
		{DCFB0778-1FC6-44A4-8452-3A9B35867093}.Debug|ARM.ActiveCfg = Debug|ARM
		{DCFB0778-1FC6-44A4-8452-3A9B35867093}.Debug|ARM.Build.0 = Debug|ARM
		{DCFB0778-1FC6-44A4-8452-3A9B35867093}.Debug|ARM.Deploy.0 = Debug|ARM
		{DCFB0778-1FC6-44A4-8452-3A9B35867093}.Debug|iPhone.ActiveCfg = Debug|x86
		{DCFB0778-1FC6-44A4-8452-3A9B35867093}.Debug|iPhone.Build.0 = Debug|x86
		{DCFB0778-1FC6-44A4-8452-3A9B35867093}.Debug|iPhone.Deploy.0 = Debug|x86
		{DCFB0778-1FC6-44A4-8452-3A9B35867093}.Debug|iPhoneSimulator.ActiveCfg = Debug|x86
		{DCFB0778-1FC6-44A4-8452-3A9B35867093}.Debug|iPhoneSimulator.Build.0 = Debug|x86
		{DCFB0778-1FC6-44A4-8452-3A9B35867093}.Debug|iPhoneSimulator.Deploy.0 = Debug|x86
		{DCFB0778-1FC6-44A4-8452-3A9B35867093}.Debug|x64.ActiveCfg = Debug|x64
		{DCFB0778-1FC6-44A4-8452-3A9B35867093}.Debug|x64.Build.0 = Debug|x64
		{DCFB0778-1FC6-44A4-8452-3A9B35867093}.Debug|x64.Deploy.0 = Debug|x64
		{DCFB0778-1FC6-44A4-8452-3A9B35867093}.Debug|x86.ActiveCfg = Debug|x86
		{DCFB0778-1FC6-44A4-8452-3A9B35867093}.Debug|x86.Build.0 = Debug|x86
		{DCFB0778-1FC6-44A4-8452-3A9B35867093}.Debug|x86.Deploy.0 = Debug|x86
		{DCFB0778-1FC6-44A4-8452-3A9B35867093}.Release|Any CPU.ActiveCfg = Release|x86
		{DCFB0778-1FC6-44A4-8452-3A9B35867093}.Release|Any CPU.Build.0 = Release|x86
		{DCFB0778-1FC6-44A4-8452-3A9B35867093}.Release|Any CPU.Deploy.0 = Release|x86
		{DCFB0778-1FC6-44A4-8452-3A9B35867093}.Release|ARM.ActiveCfg = Release|ARM
		{DCFB0778-1FC6-44A4-8452-3A9B35867093}.Release|ARM.Build.0 = Release|ARM
		{DCFB0778-1FC6-44A4-8452-3A9B35867093}.Release|ARM.Deploy.0 = Release|ARM
		{DCFB0778-1FC6-44A4-8452-3A9B35867093}.Release|iPhone.ActiveCfg = Release|x86
		{DCFB0778-1FC6-44A4-8452-3A9B35867093}.Release|iPhone.Build.0 = Release|x86
		{DCFB0778-1FC6-44A4-8452-3A9B35867093}.Release|iPhone.Deploy.0 = Release|x86
		{DCFB0778-1FC6-44A4-8452-3A9B35867093}.Release|iPhoneSimulator.ActiveCfg = Release|x86
		{DCFB0778-1FC6-44A4-8452-3A9B35867093}.Release|iPhoneSimulator.Build.0 = Release|x86
		{DCFB0778-1FC6-44A4-8452-3A9B35867093}.Release|iPhoneSimulator.Deploy.0 = Release|x86
		{DCFB0778-1FC6-44A4-8452-3A9B35867093}.Release|x64.ActiveCfg = Release|x64
		{DCFB0778-1FC6-44A4-8452-3A9B35867093}.Release|x64.Build.0 = Release|x64
		{DCFB0778-1FC6-44A4-8452-3A9B35867093}.Release|x64.Deploy.0 = Release|x64
		{DCFB0778-1FC6-44A4-8452-3A9B35867093}.Release|x86.ActiveCfg = Release|x86
		{DCFB0778-1FC6-44A4-8452-3A9B35867093}.Release|x86.Build.0 = Release|x86
		{DCFB0778-1FC6-44A4-8452-3A9B35867093}.Release|x86.Deploy.0 = Release|x86
	EndGlobalSection
	GlobalSection(SolutionProperties) = preSolution
		HideSolutionNode = FALSE
	EndGlobalSection
	GlobalSection(ExtensibilityGlobals) = postSolution
		SolutionGuid = {468BA7D5-0888-432F-8D99-8F5DE41AFB4C}
	EndGlobalSection
EndGlobal
